
Microsoft Visual Studio Solution File, Format Version 12.00
# Visual Studio Version 17
VisualStudioVersion = 17.11.35327.3
MinimumVisualStudioVersion = 10.0.40219.1
Project("{FAE04EC0-301F-11D3-BF4B-00C04F79EFBC}") = "Exercicios_extra_01_10", "Exercicios_extra_01_10\Exercicios_extra_01_10.csproj", "{B3A550D9-6D62-4020-B77D-DC0C694FEB0C}"
EndProject
Project("{FAE04EC0-301F-11D3-BF4B-00C04F79EFBC}") = "exe2", "exe2\exe2.csproj", "{02EA36C3-D9DB-439B-8A80-0904633F10E4}"
EndProject
Project("{FAE04EC0-301F-11D3-BF4B-00C04F79EFBC}") = "exe3", "exe3\exe3.csproj", "{CFC44E9B-3723-474D-9A40-BD7409037B99}"
EndProject
Project("{FAE04EC0-301F-11D3-BF4B-00C04F79EFBC}") = "exe4", "exe4\exe4.csproj", "{B2858AA0-B321-4BA1-9C39-7DE50A2792C7}"
EndProject
Project("{FAE04EC0-301F-11D3-BF4B-00C04F79EFBC}") = "exe5", "exe5\exe5.csproj", "{E7214B12-A993-4D60-B596-A2DFA308E365}"
EndProject
Project("{FAE04EC0-301F-11D3-BF4B-00C04F79EFBC}") = "exe06", "exe06\exe06.csproj", "{7F31040D-1B5E-4981-AC4C-5E1CE258824F}"
EndProject
Project("{FAE04EC0-301F-11D3-BF4B-00C04F79EFBC}") = "exe07", "exe07\exe07.csproj", "{C3D310F8-67BC-47C5-8378-813A0BDD01CF}"
EndProject
Global
	GlobalSection(SolutionConfigurationPlatforms) = preSolution
		Debug|Any CPU = Debug|Any CPU
		Release|Any CPU = Release|Any CPU
	EndGlobalSection
	GlobalSection(ProjectConfigurationPlatforms) = postSolution
		{B3A550D9-6D62-4020-B77D-DC0C694FEB0C}.Debug|Any CPU.ActiveCfg = Debug|Any CPU
		{B3A550D9-6D62-4020-B77D-DC0C694FEB0C}.Debug|Any CPU.Build.0 = Debug|Any CPU
		{B3A550D9-6D62-4020-B77D-DC0C694FEB0C}.Release|Any CPU.ActiveCfg = Release|Any CPU
		{B3A550D9-6D62-4020-B77D-DC0C694FEB0C}.Release|Any CPU.Build.0 = Release|Any CPU
		{02EA36C3-D9DB-439B-8A80-0904633F10E4}.Debug|Any CPU.ActiveCfg = Debug|Any CPU
		{02EA36C3-D9DB-439B-8A80-0904633F10E4}.Debug|Any CPU.Build.0 = Debug|Any CPU
		{02EA36C3-D9DB-439B-8A80-0904633F10E4}.Release|Any CPU.ActiveCfg = Release|Any CPU
		{02EA36C3-D9DB-439B-8A80-0904633F10E4}.Release|Any CPU.Build.0 = Release|Any CPU
		{CFC44E9B-3723-474D-9A40-BD7409037B99}.Debug|Any CPU.ActiveCfg = Debug|Any CPU
		{CFC44E9B-3723-474D-9A40-BD7409037B99}.Debug|Any CPU.Build.0 = Debug|Any CPU
		{CFC44E9B-3723-474D-9A40-BD7409037B99}.Release|Any CPU.ActiveCfg = Release|Any CPU
		{CFC44E9B-3723-474D-9A40-BD7409037B99}.Release|Any CPU.Build.0 = Release|Any CPU
		{B2858AA0-B321-4BA1-9C39-7DE50A2792C7}.Debug|Any CPU.ActiveCfg = Debug|Any CPU
		{B2858AA0-B321-4BA1-9C39-7DE50A2792C7}.Debug|Any CPU.Build.0 = Debug|Any CPU
		{B2858AA0-B321-4BA1-9C39-7DE50A2792C7}.Release|Any CPU.ActiveCfg = Release|Any CPU
		{B2858AA0-B321-4BA1-9C39-7DE50A2792C7}.Release|Any CPU.Build.0 = Release|Any CPU
		{E7214B12-A993-4D60-B596-A2DFA308E365}.Debug|Any CPU.ActiveCfg = Debug|Any CPU
		{E7214B12-A993-4D60-B596-A2DFA308E365}.Debug|Any CPU.Build.0 = Debug|Any CPU
		{E7214B12-A993-4D60-B596-A2DFA308E365}.Release|Any CPU.ActiveCfg = Release|Any CPU
		{E7214B12-A993-4D60-B596-A2DFA308E365}.Release|Any CPU.Build.0 = Release|Any CPU
		{7F31040D-1B5E-4981-AC4C-5E1CE258824F}.Debug|Any CPU.ActiveCfg = Debug|Any CPU
		{7F31040D-1B5E-4981-AC4C-5E1CE258824F}.Debug|Any CPU.Build.0 = Debug|Any CPU
		{7F31040D-1B5E-4981-AC4C-5E1CE258824F}.Release|Any CPU.ActiveCfg = Release|Any CPU
		{7F31040D-1B5E-4981-AC4C-5E1CE258824F}.Release|Any CPU.Build.0 = Release|Any CPU
		{C3D310F8-67BC-47C5-8378-813A0BDD01CF}.Debug|Any CPU.ActiveCfg = Debug|Any CPU
		{C3D310F8-67BC-47C5-8378-813A0BDD01CF}.Debug|Any CPU.Build.0 = Debug|Any CPU
		{C3D310F8-67BC-47C5-8378-813A0BDD01CF}.Release|Any CPU.ActiveCfg = Release|Any CPU
		{C3D310F8-67BC-47C5-8378-813A0BDD01CF}.Release|Any CPU.Build.0 = Release|Any CPU
	EndGlobalSection
	GlobalSection(SolutionProperties) = preSolution
		HideSolutionNode = FALSE
	EndGlobalSection
	GlobalSection(ExtensibilityGlobals) = postSolution
		SolutionGuid = {7BD11FF9-2F17-4ED8-AF05-B93D15A40D19}
	EndGlobalSection
EndGlobal
