
Microsoft Visual Studio Solution File, Format Version 12.00
# Visual Studio Version 17
VisualStudioVersion = 17.11.35327.3
MinimumVisualStudioVersion = 10.0.40219.1
Project("{FAE04EC0-301F-11D3-BF4B-00C04F79EFBC}") = "exe11", "Exercicios_Extra_11_ate_20\exe11.csproj", "{DD240EEA-B860-4367-BFB7-1BDE32B8B3D0}"
EndProject
Project("{FAE04EC0-301F-11D3-BF4B-00C04F79EFBC}") = "exe12", "exe12\exe12.csproj", "{E10D5CEC-0EBC-4FCF-B9A9-0954F279BDDF}"
EndProject
Project("{FAE04EC0-301F-11D3-BF4B-00C04F79EFBC}") = "exe13", "exe13\exe13.csproj", "{F613DB51-6416-4B2F-8A9D-5D8BD6BD0CD8}"
EndProject
Global
	GlobalSection(SolutionConfigurationPlatforms) = preSolution
		Debug|Any CPU = Debug|Any CPU
		Release|Any CPU = Release|Any CPU
	EndGlobalSection
	GlobalSection(ProjectConfigurationPlatforms) = postSolution
		{DD240EEA-B860-4367-BFB7-1BDE32B8B3D0}.Debug|Any CPU.ActiveCfg = Debug|Any CPU
		{DD240EEA-B860-4367-BFB7-1BDE32B8B3D0}.Debug|Any CPU.Build.0 = Debug|Any CPU
		{DD240EEA-B860-4367-BFB7-1BDE32B8B3D0}.Release|Any CPU.ActiveCfg = Release|Any CPU
		{DD240EEA-B860-4367-BFB7-1BDE32B8B3D0}.Release|Any CPU.Build.0 = Release|Any CPU
		{E10D5CEC-0EBC-4FCF-B9A9-0954F279BDDF}.Debug|Any CPU.ActiveCfg = Debug|Any CPU
		{E10D5CEC-0EBC-4FCF-B9A9-0954F279BDDF}.Debug|Any CPU.Build.0 = Debug|Any CPU
		{E10D5CEC-0EBC-4FCF-B9A9-0954F279BDDF}.Release|Any CPU.ActiveCfg = Release|Any CPU
		{E10D5CEC-0EBC-4FCF-B9A9-0954F279BDDF}.Release|Any CPU.Build.0 = Release|Any CPU
		{F613DB51-6416-4B2F-8A9D-5D8BD6BD0CD8}.Debug|Any CPU.ActiveCfg = Debug|Any CPU
		{F613DB51-6416-4B2F-8A9D-5D8BD6BD0CD8}.Debug|Any CPU.Build.0 = Debug|Any CPU
		{F613DB51-6416-4B2F-8A9D-5D8BD6BD0CD8}.Release|Any CPU.ActiveCfg = Release|Any CPU
		{F613DB51-6416-4B2F-8A9D-5D8BD6BD0CD8}.Release|Any CPU.Build.0 = Release|Any CPU
	EndGlobalSection
	GlobalSection(SolutionProperties) = preSolution
		HideSolutionNode = FALSE
	EndGlobalSection
	GlobalSection(ExtensibilityGlobals) = postSolution
		SolutionGuid = {0E644CAA-1989-4E3E-B564-9C84C7945FF2}
	EndGlobalSection
EndGlobal
